
Microsoft Visual Studio Solution File, Format Version 12.00
# Visual Studio Version 17
VisualStudioVersion = 17.0.32112.339
MinimumVisualStudioVersion = 10.0.40219.1
Project("{FAE04EC0-301F-11D3-BF4B-00C04F79EFBC}") = "AudioAppEx", "AudioAppEx\AudioAppEx.csproj", "{7581177E-29E8-4220-AFE5-C91DEE56F402}"
EndProject
Global
	GlobalSection(SolutionConfigurationPlatforms) = preSolution
		Debug|Any CPU = Debug|Any CPU
		Release|Any CPU = Release|Any CPU
	EndGlobalSection
	GlobalSection(ProjectConfigurationPlatforms) = postSolution
		{7581177E-29E8-4220-AFE5-C91DEE56F402}.Debug|Any CPU.ActiveCfg = Debug|Any CPU
		{7581177E-29E8-4220-AFE5-C91DEE56F402}.Debug|Any CPU.Build.0 = Debug|Any CPU
		{7581177E-29E8-4220-AFE5-C91DEE56F402}.Debug|Any CPU.Deploy.0 = Debug|Any CPU
		{7581177E-29E8-4220-AFE5-C91DEE56F402}.Release|Any CPU.ActiveCfg = Release|Any CPU
		{7581177E-29E8-4220-AFE5-C91DEE56F402}.Release|Any CPU.Build.0 = Release|Any CPU
		{7581177E-29E8-4220-AFE5-C91DEE56F402}.Release|Any CPU.Deploy.0 = Release|Any CPU
	EndGlobalSection
	GlobalSection(SolutionProperties) = preSolution
		HideSolutionNode = FALSE
	EndGlobalSection
	GlobalSection(ExtensibilityGlobals) = postSolution
		SolutionGuid = {E42C1DCD-7A94-49D7-9D8A-13150AADE8F3}
	EndGlobalSection
EndGlobal
